
Microsoft Visual Studio Solution File, Format Version 12.00
Project("{FAE04EC0-301F-11D3-BF4B-00C04F79EFBC}") = "IdentityUser.API", "IdentityUser.API\IdentityUser.API.csproj", "{6BA555A2-C89F-4C11-A73E-831C9BA69F3B}"
EndProject
Project("{FAE04EC0-301F-11D3-BF4B-00C04F79EFBC}") = "IdentityUser.Application", "IdentityUser.Application\IdentityUser.Application.csproj", "{351FC722-36B0-484E-A64D-CDB14E05CD22}"
EndProject
Project("{FAE04EC0-301F-11D3-BF4B-00C04F79EFBC}") = "IdentityUser.Infrastructure", "IdentityUser.Infrastructure\IdentityUser.Infrastructure.csproj", "{81247064-88E2-48CA-9326-4141D68809BF}"
EndProject
Project("{FAE04EC0-301F-11D3-BF4B-00C04F79EFBC}") = "IdentityUser.Domain", "IdentityUser.Domain\IdentityUser.Domain.csproj", "{64B44F95-4B7F-406B-9420-39652FCF58B2}"
EndProject
Global
	GlobalSection(SolutionConfigurationPlatforms) = preSolution
		Debug|Any CPU = Debug|Any CPU
		Release|Any CPU = Release|Any CPU
	EndGlobalSection
	GlobalSection(ProjectConfigurationPlatforms) = postSolution
		{6BA555A2-C89F-4C11-A73E-831C9BA69F3B}.Debug|Any CPU.ActiveCfg = Debug|Any CPU
		{6BA555A2-C89F-4C11-A73E-831C9BA69F3B}.Debug|Any CPU.Build.0 = Debug|Any CPU
		{6BA555A2-C89F-4C11-A73E-831C9BA69F3B}.Release|Any CPU.ActiveCfg = Release|Any CPU
		{6BA555A2-C89F-4C11-A73E-831C9BA69F3B}.Release|Any CPU.Build.0 = Release|Any CPU
		{351FC722-36B0-484E-A64D-CDB14E05CD22}.Debug|Any CPU.ActiveCfg = Debug|Any CPU
		{351FC722-36B0-484E-A64D-CDB14E05CD22}.Debug|Any CPU.Build.0 = Debug|Any CPU
		{351FC722-36B0-484E-A64D-CDB14E05CD22}.Release|Any CPU.ActiveCfg = Release|Any CPU
		{351FC722-36B0-484E-A64D-CDB14E05CD22}.Release|Any CPU.Build.0 = Release|Any CPU
		{81247064-88E2-48CA-9326-4141D68809BF}.Debug|Any CPU.ActiveCfg = Debug|Any CPU
		{81247064-88E2-48CA-9326-4141D68809BF}.Debug|Any CPU.Build.0 = Debug|Any CPU
		{81247064-88E2-48CA-9326-4141D68809BF}.Release|Any CPU.ActiveCfg = Release|Any CPU
		{81247064-88E2-48CA-9326-4141D68809BF}.Release|Any CPU.Build.0 = Release|Any CPU
		{64B44F95-4B7F-406B-9420-39652FCF58B2}.Debug|Any CPU.ActiveCfg = Debug|Any CPU
		{64B44F95-4B7F-406B-9420-39652FCF58B2}.Debug|Any CPU.Build.0 = Debug|Any CPU
		{64B44F95-4B7F-406B-9420-39652FCF58B2}.Release|Any CPU.ActiveCfg = Release|Any CPU
		{64B44F95-4B7F-406B-9420-39652FCF58B2}.Release|Any CPU.Build.0 = Release|Any CPU
	EndGlobalSection
EndGlobal
