
Microsoft Visual Studio Solution File, Format Version 12.00
Project("{FAE04EC0-301F-11D3-BF4B-00C04F79EFBC}") = "MAANGy.API", "MAANGy.API\MAANGy.API.csproj", "{532F929C-D68D-4C04-A4C5-0ED4ACE683DA}"
EndProject
Project("{FAE04EC0-301F-11D3-BF4B-00C04F79EFBC}") = "MAANGy.Application", "MAANGy.Application\MAANGy.Application.csproj", "{4EAB743B-8125-44D2-851D-C2020C1B17E0}"
EndProject
Project("{FAE04EC0-301F-11D3-BF4B-00C04F79EFBC}") = "MAANGy.Domain", "MAANGy.Domain\MAANGy.Domain.csproj", "{241173A9-A0D7-4A92-B9A6-A6BA8A6A3491}"
EndProject
Project("{FAE04EC0-301F-11D3-BF4B-00C04F79EFBC}") = "MAANGy.Infrastructure", "MAANGy.Infrastructure\MAANGy.Infrastructure.csproj", "{3AFF9323-43B4-4E1B-9189-4FB8A21AF3C1}"
EndProject
Global
	GlobalSection(SolutionConfigurationPlatforms) = preSolution
		Debug|Any CPU = Debug|Any CPU
		Release|Any CPU = Release|Any CPU
	EndGlobalSection
	GlobalSection(ProjectConfigurationPlatforms) = postSolution
		{532F929C-D68D-4C04-A4C5-0ED4ACE683DA}.Debug|Any CPU.ActiveCfg = Debug|Any CPU
		{532F929C-D68D-4C04-A4C5-0ED4ACE683DA}.Debug|Any CPU.Build.0 = Debug|Any CPU
		{532F929C-D68D-4C04-A4C5-0ED4ACE683DA}.Release|Any CPU.ActiveCfg = Release|Any CPU
		{532F929C-D68D-4C04-A4C5-0ED4ACE683DA}.Release|Any CPU.Build.0 = Release|Any CPU
		{4EAB743B-8125-44D2-851D-C2020C1B17E0}.Debug|Any CPU.ActiveCfg = Debug|Any CPU
		{4EAB743B-8125-44D2-851D-C2020C1B17E0}.Debug|Any CPU.Build.0 = Debug|Any CPU
		{4EAB743B-8125-44D2-851D-C2020C1B17E0}.Release|Any CPU.ActiveCfg = Release|Any CPU
		{4EAB743B-8125-44D2-851D-C2020C1B17E0}.Release|Any CPU.Build.0 = Release|Any CPU
		{241173A9-A0D7-4A92-B9A6-A6BA8A6A3491}.Debug|Any CPU.ActiveCfg = Debug|Any CPU
		{241173A9-A0D7-4A92-B9A6-A6BA8A6A3491}.Debug|Any CPU.Build.0 = Debug|Any CPU
		{241173A9-A0D7-4A92-B9A6-A6BA8A6A3491}.Release|Any CPU.ActiveCfg = Release|Any CPU
		{241173A9-A0D7-4A92-B9A6-A6BA8A6A3491}.Release|Any CPU.Build.0 = Release|Any CPU
		{3AFF9323-43B4-4E1B-9189-4FB8A21AF3C1}.Debug|Any CPU.ActiveCfg = Debug|Any CPU
		{3AFF9323-43B4-4E1B-9189-4FB8A21AF3C1}.Debug|Any CPU.Build.0 = Debug|Any CPU
		{3AFF9323-43B4-4E1B-9189-4FB8A21AF3C1}.Release|Any CPU.ActiveCfg = Release|Any CPU
		{3AFF9323-43B4-4E1B-9189-4FB8A21AF3C1}.Release|Any CPU.Build.0 = Release|Any CPU
	EndGlobalSection
EndGlobal
